
Microsoft Visual Studio Solution File, Format Version 12.00
# Visual Studio Version 16
VisualStudioVersion = 16.0.29001.49
MinimumVisualStudioVersion = 10.0.40219.1
Project("{888888A0-9F3D-457C-B088-3A5042F75D52}") = "ABFpyback", "data club 197030001\ABFpyback.pyproj", "{E783C33C-ACB0-468E-8D37-55911CEBA3CC}"
EndProject
Global
	GlobalSection(SolutionConfigurationPlatforms) = preSolution
		Debug|Any CPU = Debug|Any CPU
		Release|Any CPU = Release|Any CPU
	EndGlobalSection
	GlobalSection(ProjectConfigurationPlatforms) = postSolution
		{E783C33C-ACB0-468E-8D37-55911CEBA3CC}.Debug|Any CPU.ActiveCfg = Debug|Any CPU
		{E783C33C-ACB0-468E-8D37-55911CEBA3CC}.Release|Any CPU.ActiveCfg = Release|Any CPU
	EndGlobalSection
	GlobalSection(SolutionProperties) = preSolution
		HideSolutionNode = FALSE
	EndGlobalSection
	GlobalSection(ExtensibilityGlobals) = postSolution
		SolutionGuid = {3028AEFD-77A5-4612-9A05-3DA351796554}
	EndGlobalSection
EndGlobal
